
Microsoft Visual Studio Solution File, Format Version 12.00
# Visual Studio Version 17
VisualStudioVersion = 17.9.34622.214
MinimumVisualStudioVersion = 10.0.40219.1
Project("{FAE04EC0-301F-11D3-BF4B-00C04F79EFBC}") = "Plat-dot-NET-32INF-SSI-NP_PROJEKT", "Plat-dot-NET-32INF-SSI-NP_PROJEKT\Plat-dot-NET-32INF-SSI-NP_PROJEKT.csproj", "{4CABD76E-2E88-4C69-82B2-7428DF477BF1}"
EndProject
Global
	GlobalSection(SolutionConfigurationPlatforms) = preSolution
		Debug|Any CPU = Debug|Any CPU
		Release|Any CPU = Release|Any CPU
	EndGlobalSection
	GlobalSection(ProjectConfigurationPlatforms) = postSolution
		{4CABD76E-2E88-4C69-82B2-7428DF477BF1}.Debug|Any CPU.ActiveCfg = Debug|Any CPU
		{4CABD76E-2E88-4C69-82B2-7428DF477BF1}.Debug|Any CPU.Build.0 = Debug|Any CPU
		{4CABD76E-2E88-4C69-82B2-7428DF477BF1}.Release|Any CPU.ActiveCfg = Release|Any CPU
		{4CABD76E-2E88-4C69-82B2-7428DF477BF1}.Release|Any CPU.Build.0 = Release|Any CPU
	EndGlobalSection
	GlobalSection(SolutionProperties) = preSolution
		HideSolutionNode = FALSE
	EndGlobalSection
	GlobalSection(ExtensibilityGlobals) = postSolution
		SolutionGuid = {03C47D8B-9C5D-4F96-BCE4-320AAE0A99A4}
	EndGlobalSection
EndGlobal
